// !$*UTF8*$!
{
	archiveVersion = 1;
	classes = {
	};
	objectVersion = 54;
	objects = {

/* Begin PBXBuildFile section */
		AC73796928CF374B00C10ACE /* AppDelegate.swift in Sources */ = {isa = PBXBuildFile; fileRef = AC73796828CF374B00C10ACE /* AppDelegate.swift */; };
		AC73796B28CF374B00C10ACE /* SceneDelegate.swift in Sources */ = {isa = PBXBuildFile; fileRef = AC73796A28CF374B00C10ACE /* SceneDelegate.swift */; };
		AC73796D28CF374B00C10ACE /* ViewController.swift in Sources */ = {isa = PBXBuildFile; fileRef = AC73796C28CF374B00C10ACE /* ViewController.swift */; };
		AC73797028CF374B00C10ACE /* Main.storyboard in Resources */ = {isa = PBXBuildFile; fileRef = AC73796E28CF374B00C10ACE /* Main.storyboard */; };
		AC73797228CF374D00C10ACE /* Assets.xcassets in Resources */ = {isa = PBXBuildFile; fileRef = AC73797128CF374D00C10ACE /* Assets.xcassets */; };
		AC73797528CF374D00C10ACE /* LaunchScreen.storyboard in Resources */ = {isa = PBXBuildFile; fileRef = AC73797328CF374D00C10ACE /* LaunchScreen.storyboard */; };
		AC80212728D1DB3D00CCBCA4 /* Mydata1.swift in Sources */ = {isa = PBXBuildFile; fileRef = AC80212628D1DB3D00CCBCA4 /* Mydata1.swift */; };
		AC80212928D1DCB600CCBCA4 /* DetailViewController.swift in Sources */ = {isa = PBXBuildFile; fileRef = AC80212828D1DCB600CCBCA4 /* DetailViewController.swift */; };
		AC80212B28D1E39600CCBCA4 /* AddDataViewController.swift in Sources */ = {isa = PBXBuildFile; fileRef = AC80212A28D1E39600CCBCA4 /* AddDataViewController.swift */; };
		AC89C3F028D086C800EE0553 /* MainViewController.swift in Sources */ = {isa = PBXBuildFile; fileRef = AC89C3EF28D086C800EE0553 /* MainViewController.swift */; };
		AC89C3F228D087F800EE0553 /* Page2ViewController.swift in Sources */ = {isa = PBXBuildFile; fileRef = AC89C3F128D087F800EE0553 /* Page2ViewController.swift */; };
		AC89C3F428D08B1400EE0553 /* MyTableViewCell1.swift in Sources */ = {isa = PBXBuildFile; fileRef = AC89C3F328D08B1400EE0553 /* MyTableViewCell1.swift */; };
		ACB040CA28D9CB3600507497 /* Test1.swift in Sources */ = {isa = PBXBuildFile; fileRef = ACB040C928D9CB3600507497 /* Test1.swift */; };
		ACB040CC28D9CB7900507497 /* Web1ViewController.swift in Sources */ = {isa = PBXBuildFile; fileRef = ACB040CB28D9CB7900507497 /* Web1ViewController.swift */; };
		ACE7321928DB1E4600826BBA /* LoadViewController.swift in Sources */ = {isa = PBXBuildFile; fileRef = ACE7321828DB1E4600826BBA /* LoadViewController.swift */; };
		ACEE207728D330FE00C309E7 /* extras.swift in Sources */ = {isa = PBXBuildFile; fileRef = ACEE207628D330FE00C309E7 /* extras.swift */; };
/* End PBXBuildFile section */

/* Begin PBXFileReference section */
		AC73796528CF374B00C10ACE /* OnDeviceGit.app */ = {isa = PBXFileReference; explicitFileType = wrapper.application; includeInIndex = 0; path = OnDeviceGit.app; sourceTree = BUILT_PRODUCTS_DIR; };
		AC73796828CF374B00C10ACE /* AppDelegate.swift */ = {isa = PBXFileReference; lastKnownFileType = sourcecode.swift; path = AppDelegate.swift; sourceTree = "<group>"; };
		AC73796A28CF374B00C10ACE /* SceneDelegate.swift */ = {isa = PBXFileReference; lastKnownFileType = sourcecode.swift; path = SceneDelegate.swift; sourceTree = "<group>"; };
		AC73796C28CF374B00C10ACE /* ViewController.swift */ = {isa = PBXFileReference; lastKnownFileType = sourcecode.swift; path = ViewController.swift; sourceTree = "<group>"; };
		AC73796F28CF374B00C10ACE /* Base */ = {isa = PBXFileReference; lastKnownFileType = file.storyboard; name = Base; path = Base.lproj/Main.storyboard; sourceTree = "<group>"; };
		AC73797128CF374D00C10ACE /* Assets.xcassets */ = {isa = PBXFileReference; lastKnownFileType = folder.assetcatalog; path = Assets.xcassets; sourceTree = "<group>"; };
		AC73797428CF374D00C10ACE /* Base */ = {isa = PBXFileReference; lastKnownFileType = file.storyboard; name = Base; path = Base.lproj/LaunchScreen.storyboard; sourceTree = "<group>"; };
		AC73797628CF374D00C10ACE /* Info.plist */ = {isa = PBXFileReference; lastKnownFileType = text.plist.xml; path = Info.plist; sourceTree = "<group>"; };
		AC80212628D1DB3D00CCBCA4 /* Mydata1.swift */ = {isa = PBXFileReference; lastKnownFileType = sourcecode.swift; path = Mydata1.swift; sourceTree = "<group>"; };
		AC80212828D1DCB600CCBCA4 /* DetailViewController.swift */ = {isa = PBXFileReference; lastKnownFileType = sourcecode.swift; path = DetailViewController.swift; sourceTree = "<group>"; };
		AC80212A28D1E39600CCBCA4 /* AddDataViewController.swift */ = {isa = PBXFileReference; lastKnownFileType = sourcecode.swift; path = AddDataViewController.swift; sourceTree = "<group>"; };
		AC89C3EF28D086C800EE0553 /* MainViewController.swift */ = {isa = PBXFileReference; lastKnownFileType = sourcecode.swift; path = MainViewController.swift; sourceTree = "<group>"; };
		AC89C3F128D087F800EE0553 /* Page2ViewController.swift */ = {isa = PBXFileReference; lastKnownFileType = sourcecode.swift; path = Page2ViewController.swift; sourceTree = "<group>"; };
		AC89C3F328D08B1400EE0553 /* MyTableViewCell1.swift */ = {isa = PBXFileReference; lastKnownFileType = sourcecode.swift; path = MyTableViewCell1.swift; sourceTree = "<group>"; };
		ACB040C928D9CB3600507497 /* Test1.swift */ = {isa = PBXFileReference; lastKnownFileType = sourcecode.swift; path = Test1.swift; sourceTree = "<group>"; };
		ACB040CB28D9CB7900507497 /* Web1ViewController.swift */ = {isa = PBXFileReference; lastKnownFileType = sourcecode.swift; path = Web1ViewController.swift; sourceTree = "<group>"; };
		ACE7321828DB1E4600826BBA /* LoadViewController.swift */ = {isa = PBXFileReference; lastKnownFileType = sourcecode.swift; path = LoadViewController.swift; sourceTree = "<group>"; };
		ACEE207628D330FE00C309E7 /* extras.swift */ = {isa = PBXFileReference; lastKnownFileType = sourcecode.swift; path = extras.swift; sourceTree = "<group>"; };
/* End PBXFileReference section */

/* Begin PBXFrameworksBuildPhase section */
		AC73796228CF374B00C10ACE /* Frameworks */ = {
			isa = PBXFrameworksBuildPhase;
			buildActionMask = 2147483647;
			files = (
			);
			runOnlyForDeploymentPostprocessing = 0;
		};
/* End PBXFrameworksBuildPhase section */

/* Begin PBXGroup section */
		AC73795C28CF374B00C10ACE = {
			isa = PBXGroup;
			children = (
				AC73796728CF374B00C10ACE /* OnDeviceGit */,
				AC73796628CF374B00C10ACE /* Products */,
			);
			sourceTree = "<group>";
		};
		AC73796628CF374B00C10ACE /* Products */ = {
			isa = PBXGroup;
			children = (
				AC73796528CF374B00C10ACE /* OnDeviceGit.app */,
			);
			name = Products;
			sourceTree = "<group>";
		};
		AC73796728CF374B00C10ACE /* OnDeviceGit */ = {
			isa = PBXGroup;
			children = (
				AC73796828CF374B00C10ACE /* AppDelegate.swift */,
				AC73796A28CF374B00C10ACE /* SceneDelegate.swift */,
				AC73796C28CF374B00C10ACE /* ViewController.swift */,
				AC73796E28CF374B00C10ACE /* Main.storyboard */,
				AC73797128CF374D00C10ACE /* Assets.xcassets */,
				AC73797328CF374D00C10ACE /* LaunchScreen.storyboard */,
				AC73797628CF374D00C10ACE /* Info.plist */,
				AC89C3EF28D086C800EE0553 /* MainViewController.swift */,
				AC89C3F128D087F800EE0553 /* Page2ViewController.swift */,
				AC89C3F328D08B1400EE0553 /* MyTableViewCell1.swift */,
				AC80212628D1DB3D00CCBCA4 /* Mydata1.swift */,
				AC80212828D1DCB600CCBCA4 /* DetailViewController.swift */,
				AC80212A28D1E39600CCBCA4 /* AddDataViewController.swift */,
				ACEE207628D330FE00C309E7 /* extras.swift */,
				ACB040C928D9CB3600507497 /* Test1.swift */,
				ACB040CB28D9CB7900507497 /* Web1ViewController.swift */,
				ACE7321828DB1E4600826BBA /* LoadViewController.swift */,
			);
			path = OnDeviceGit;
			sourceTree = "<group>";
		};
/* End PBXGroup section */

/* Begin PBXNativeTarget section */
		AC73796428CF374B00C10ACE /* OnDeviceGit */ = {
			isa = PBXNativeTarget;
			buildConfigurationList = AC73797928CF374D00C10ACE /* Build configuration list for PBXNativeTarget "OnDeviceGit" */;
			buildPhases = (
				AC73796128CF374B00C10ACE /* Sources */,
				AC73796228CF374B00C10ACE /* Frameworks */,
				AC73796328CF374B00C10ACE /* Resources */,
			);
			buildRules = (
			);
			dependencies = (
			);
			name = OnDeviceGit;
			productName = OnDeviceGit;
			productReference = AC73796528CF374B00C10ACE /* OnDeviceGit.app */;
			productType = "com.apple.product-type.application";
		};
/* End PBXNativeTarget section */

/* Begin PBXProject section */
		AC73795D28CF374B00C10ACE /* Project object */ = {
			isa = PBXProject;
			attributes = {
				BuildIndependentTargetsInParallel = 1;
				LastSwiftUpdateCheck = 1340;
				LastUpgradeCheck = 1340;
				TargetAttributes = {
					AC73796428CF374B00C10ACE = {
						CreatedOnToolsVersion = 13.4.1;
					};
				};
			};
			buildConfigurationList = AC73796028CF374B00C10ACE /* Build configuration list for PBXProject "OnDeviceGit" */;
			compatibilityVersion = "Xcode 12.0";
			developmentRegion = en;
			hasScannedForEncodings = 0;
			knownRegions = (
				en,
				Base,
			);
			mainGroup = AC73795C28CF374B00C10ACE;
			productRefGroup = AC73796628CF374B00C10ACE /* Products */;
			projectDirPath = "";
			projectRoot = "";
			targets = (
				AC73796428CF374B00C10ACE /* OnDeviceGit */,
			);
		};
/* End PBXProject section */

/* Begin PBXResourcesBuildPhase section */
		AC73796328CF374B00C10ACE /* Resources */ = {
			isa = PBXResourcesBuildPhase;
			buildActionMask = 2147483647;
			files = (
				AC73797528CF374D00C10ACE /* LaunchScreen.storyboard in Resources */,
				AC73797228CF374D00C10ACE /* Assets.xcassets in Resources */,
				AC73797028CF374B00C10ACE /* Main.storyboard in Resources */,
			);
			runOnlyForDeploymentPostprocessing = 0;
		};
/* End PBXResourcesBuildPhase section */

/* Begin PBXSourcesBuildPhase section */
		AC73796128CF374B00C10ACE /* Sources */ = {
			isa = PBXSourcesBuildPhase;
			buildActionMask = 2147483647;
			files = (
				AC89C3F228D087F800EE0553 /* Page2ViewController.swift in Sources */,
				AC80212B28D1E39600CCBCA4 /* AddDataViewController.swift in Sources */,
				ACEE207728D330FE00C309E7 /* extras.swift in Sources */,
				ACB040CA28D9CB3600507497 /* Test1.swift in Sources */,
				ACE7321928DB1E4600826BBA /* LoadViewController.swift in Sources */,
				AC89C3F428D08B1400EE0553 /* MyTableViewCell1.swift in Sources */,
				AC73796D28CF374B00C10ACE /* ViewController.swift in Sources */,
				AC73796928CF374B00C10ACE /* AppDelegate.swift in Sources */,
				AC80212728D1DB3D00CCBCA4 /* Mydata1.swift in Sources */,
				AC73796B28CF374B00C10ACE /* SceneDelegate.swift in Sources */,
				ACB040CC28D9CB7900507497 /* Web1ViewController.swift in Sources */,
				AC89C3F028D086C800EE0553 /* MainViewController.swift in Sources */,
				AC80212928D1DCB600CCBCA4 /* DetailViewController.swift in Sources */,
			);
			runOnlyForDeploymentPostprocessing = 0;
		};
/* End PBXSourcesBuildPhase section */

/* Begin PBXVariantGroup section */
		AC73796E28CF374B00C10ACE /* Main.storyboard */ = {
			isa = PBXVariantGroup;
			children = (
				AC73796F28CF374B00C10ACE /* Base */,
			);
			name = Main.storyboard;
			sourceTree = "<group>";
		};
		AC73797328CF374D00C10ACE /* LaunchScreen.storyboard */ = {
			isa = PBXVariantGroup;
			children = (
				AC73797428CF374D00C10ACE /* Base */,
			);
			name = LaunchScreen.storyboard;
			sourceTree = "<group>";
		};
/* End PBXVariantGroup section */

/* Begin XCBuildConfiguration section */
		AC73797728CF374D00C10ACE /* Debug */ = {
			isa = XCBuildConfiguration;
			buildSettings = {
				ALWAYS_SEARCH_USER_PATHS = NO;
				CLANG_ANALYZER_NONNULL = YES;
				CLANG_ANALYZER_NUMBER_OBJECT_CONVERSION = YES_AGGRESSIVE;
				CLANG_CXX_LANGUAGE_STANDARD = "gnu++17";
				CLANG_ENABLE_MODULES = YES;
				CLANG_ENABLE_OBJC_ARC = YES;
				CLANG_ENABLE_OBJC_WEAK = YES;
				CLANG_WARN_BLOCK_CAPTURE_AUTORELEASING = YES;
				CLANG_WARN_BOOL_CONVERSION = YES;
				CLANG_WARN_COMMA = YES;
				CLANG_WARN_CONSTANT_CONVERSION = YES;
				CLANG_WARN_DEPRECATED_OBJC_IMPLEMENTATIONS = YES;
				CLANG_WARN_DIRECT_OBJC_ISA_USAGE = YES_ERROR;
				CLANG_WARN_DOCUMENTATION_COMMENTS = YES;
				CLANG_WARN_EMPTY_BODY = YES;
				CLANG_WARN_ENUM_CONVERSION = YES;
				CLANG_WARN_INFINITE_RECURSION = YES;
				CLANG_WARN_INT_CONVERSION = YES;
				CLANG_WARN_NON_LITERAL_NULL_CONVERSION = YES;
				CLANG_WARN_OBJC_IMPLICIT_RETAIN_SELF = YES;
				CLANG_WARN_OBJC_LITERAL_CONVERSION = YES;
				CLANG_WARN_OBJC_ROOT_CLASS = YES_ERROR;
				CLANG_WARN_QUOTED_INCLUDE_IN_FRAMEWORK_HEADER = YES;
				CLANG_WARN_RANGE_LOOP_ANALYSIS = YES;
				CLANG_WARN_STRICT_PROTOTYPES = YES;
				CLANG_WARN_SUSPICIOUS_MOVE = YES;
				CLANG_WARN_UNGUARDED_AVAILABILITY = YES_AGGRESSIVE;
				CLANG_WARN_UNREACHABLE_CODE = YES;
				CLANG_WARN__DUPLICATE_METHOD_MATCH = YES;
				COPY_PHASE_STRIP = NO;
				DEBUG_INFORMATION_FORMAT = dwarf;
				ENABLE_STRICT_OBJC_MSGSEND = YES;
				ENABLE_TESTABILITY = YES;
				GCC_C_LANGUAGE_STANDARD = gnu11;
				GCC_DYNAMIC_NO_PIC = NO;
				GCC_NO_COMMON_BLOCKS = YES;
				GCC_OPTIMIZATION_LEVEL = 0;
				GCC_PREPROCESSOR_DEFINITIONS = (
					"DEBUG=1",
					"$(inherited)",
				);
				GCC_WARN_64_TO_32_BIT_CONVERSION = YES;
				GCC_WARN_ABOUT_RETURN_TYPE = YES_ERROR;
				GCC_WARN_UNDECLARED_SELECTOR = YES;
				GCC_WARN_UNINITIALIZED_AUTOS = YES_AGGRESSIVE;
				GCC_WARN_UNUSED_FUNCTION = YES;
				GCC_WARN_UNUSED_VARIABLE = YES;
				IPHONEOS_DEPLOYMENT_TARGET = 15.5;
				MTL_ENABLE_DEBUG_INFO = INCLUDE_SOURCE;
				MTL_FAST_MATH = YES;
				ONLY_ACTIVE_ARCH = YES;
				SDKROOT = iphoneos;
				SWIFT_ACTIVE_COMPILATION_CONDITIONS = DEBUG;
				SWIFT_OPTIMIZATION_LEVEL = "-Onone";
			};
			name = Debug;
		};
		AC73797828CF374D00C10ACE /* Release */ = {
			isa = XCBuildConfiguration;
			buildSettings = {
				ALWAYS_SEARCH_USER_PATHS = NO;
				CLANG_ANALYZER_NONNULL = YES;
				CLANG_ANALYZER_NUMBER_OBJECT_CONVERSION = YES_AGGRESSIVE;
				CLANG_CXX_LANGUAGE_STANDARD = "gnu++17";
				CLANG_ENABLE_MODULES = YES;
				CLANG_ENABLE_OBJC_ARC = YES;
				CLANG_ENABLE_OBJC_WEAK = YES;
				CLANG_WARN_BLOCK_CAPTURE_AUTORELEASING = YES;
				CLANG_WARN_BOOL_CONVERSION = YES;
				CLANG_WARN_COMMA = YES;
				CLANG_WARN_CONSTANT_CONVERSION = YES;
				CLANG_WARN_DEPRECATED_OBJC_IMPLEMENTATIONS = YES;
				CLANG_WARN_DIRECT_OBJC_ISA_USAGE = YES_ERROR;
				CLANG_WARN_DOCUMENTATION_COMMENTS = YES;
				CLANG_WARN_EMPTY_BODY = YES;
				CLANG_WARN_ENUM_CONVERSION = YES;
				CLANG_WARN_INFINITE_RECURSION = YES;
				CLANG_WARN_INT_CONVERSION = YES;
				CLANG_WARN_NON_LITERAL_NULL_CONVERSION = YES;
				CLANG_WARN_OBJC_IMPLICIT_RETAIN_SELF = YES;
				CLANG_WARN_OBJC_LITERAL_CONVERSION = YES;
				CLANG_WARN_OBJC_ROOT_CLASS = YES_ERROR;
				CLANG_WARN_QUOTED_INCLUDE_IN_FRAMEWORK_HEADER = YES;
				CLANG_WARN_RANGE_LOOP_ANALYSIS = YES;
				CLANG_WARN_STRICT_PROTOTYPES = YES;
				CLANG_WARN_SUSPICIOUS_MOVE = YES;
				CLANG_WARN_UNGUARDED_AVAILABILITY = YES_AGGRESSIVE;
				CLANG_WARN_UNREACHABLE_CODE = YES;
				CLANG_WARN__DUPLICATE_METHOD_MATCH = YES;
				COPY_PHASE_STRIP = NO;
				DEBUG_INFORMATION_FORMAT = "dwarf-with-dsym";
				ENABLE_NS_ASSERTIONS = NO;
				ENABLE_STRICT_OBJC_MSGSEND = YES;
				GCC_C_LANGUAGE_STANDARD = gnu11;
				GCC_NO_COMMON_BLOCKS = YES;
				GCC_WARN_64_TO_32_BIT_CONVERSION = YES;
				GCC_WARN_ABOUT_RETURN_TYPE = YES_ERROR;
				GCC_WARN_UNDECLARED_SELECTOR = YES;
				GCC_WARN_UNINITIALIZED_AUTOS = YES_AGGRESSIVE;
				GCC_WARN_UNUSED_FUNCTION = YES;
				GCC_WARN_UNUSED_VARIABLE = YES;
				IPHONEOS_DEPLOYMENT_TARGET = 15.5;
				MTL_ENABLE_DEBUG_INFO = NO;
				MTL_FAST_MATH = YES;
				SDKROOT = iphoneos;
				SWIFT_COMPILATION_MODE = wholemodule;
				SWIFT_OPTIMIZATION_LEVEL = "-O";
				VALIDATE_PRODUCT = YES;
			};
			name = Release;
		};
		AC73797A28CF374D00C10ACE /* Debug */ = {
			isa = XCBuildConfiguration;
			buildSettings = {
				ASSETCATALOG_COMPILER_APPICON_NAME = AppIcon;
				ASSETCATALOG_COMPILER_GLOBAL_ACCENT_COLOR_NAME = AccentColor;
				CODE_SIGN_STYLE = Automatic;
				CURRENT_PROJECT_VERSION = 1;
				DEVELOPMENT_TEAM = VC4GZ6A6HG;
				GENERATE_INFOPLIST_FILE = YES;
				INFOPLIST_FILE = OnDeviceGit/Info.plist;
				INFOPLIST_KEY_UIApplicationSupportsIndirectInputEvents = YES;
				INFOPLIST_KEY_UILaunchStoryboardName = LaunchScreen;
				INFOPLIST_KEY_UIMainStoryboardFile = Main;
				INFOPLIST_KEY_UISupportedInterfaceOrientations = UIInterfaceOrientationPortrait;
				INFOPLIST_KEY_UISupportedInterfaceOrientations_iPad = "UIInterfaceOrientationPortrait UIInterfaceOrientationPortraitUpsideDown UIInterfaceOrientationLandscapeLeft UIInterfaceOrientationLandscapeRight";
				INFOPLIST_KEY_UISupportedInterfaceOrientations_iPhone = "UIInterfaceOrientationPortrait UIInterfaceOrientationLandscapeLeft UIInterfaceOrientationLandscapeRight";
				IPHONEOS_DEPLOYMENT_TARGET = 15.0;
				LD_RUNPATH_SEARCH_PATHS = (
					"$(inherited)",
					"@executable_path/Frameworks",
				);
				MARKETING_VERSION = 1.0;
				PRODUCT_BUNDLE_IDENTIFIER = com.ondevice.OnDeviceGit;
				PRODUCT_NAME = "$(TARGET_NAME)";
				SWIFT_EMIT_LOC_STRINGS = YES;
				SWIFT_VERSION = 5.0;
				TARGETED_DEVICE_FAMILY = 1;
			};
			name = Debug;
		};
		AC73797B28CF374D00C10ACE /* Release */ = {
			isa = XCBuildConfiguration;
			buildSettings = {
				ASSETCATALOG_COMPILER_APPICON_NAME = AppIcon;
				ASSETCATALOG_COMPILER_GLOBAL_ACCENT_COLOR_NAME = AccentColor;
				CODE_SIGN_STYLE = Automatic;
				CURRENT_PROJECT_VERSION = 1;
				DEVELOPMENT_TEAM = VC4GZ6A6HG;
				GENERATE_INFOPLIST_FILE = YES;
				INFOPLIST_FILE = OnDeviceGit/Info.plist;
				INFOPLIST_KEY_UIApplicationSupportsIndirectInputEvents = YES;
				INFOPLIST_KEY_UILaunchStoryboardName = LaunchScreen;
				INFOPLIST_KEY_UIMainStoryboardFile = Main;
				INFOPLIST_KEY_UISupportedInterfaceOrientations = UIInterfaceOrientationPortrait;
				INFOPLIST_KEY_UISupportedInterfaceOrientations_iPad = "UIInterfaceOrientationPortrait UIInterfaceOrientationPortraitUpsideDown UIInterfaceOrientationLandscapeLeft UIInterfaceOrientationLandscapeRight";
				INFOPLIST_KEY_UISupportedInterfaceOrientations_iPhone = "UIInterfaceOrientationPortrait UIInterfaceOrientationLandscapeLeft UIInterfaceOrientationLandscapeRight";
				IPHONEOS_DEPLOYMENT_TARGET = 15.0;
				LD_RUNPATH_SEARCH_PATHS = (
					"$(inherited)",
					"@executable_path/Frameworks",
				);
				MARKETING_VERSION = 1.0;
				PRODUCT_BUNDLE_IDENTIFIER = com.ondevice.OnDeviceGit;
				PRODUCT_NAME = "$(TARGET_NAME)";
				SWIFT_EMIT_LOC_STRINGS = YES;
				SWIFT_VERSION = 5.0;
				TARGETED_DEVICE_FAMILY = 1;
			};
			name = Release;
		};
/* End XCBuildConfiguration section */

/* Begin XCConfigurationList section */
		AC73796028CF374B00C10ACE /* Build configuration list for PBXProject "OnDeviceGit" */ = {
			isa = XCConfigurationList;
			buildConfigurations = (
				AC73797728CF374D00C10ACE /* Debug */,
				AC73797828CF374D00C10ACE /* Release */,
			);
			defaultConfigurationIsVisible = 0;
			defaultConfigurationName = Release;
		};
		AC73797928CF374D00C10ACE /* Build configuration list for PBXNativeTarget "OnDeviceGit" */ = {
			isa = XCConfigurationList;
			buildConfigurations = (
				AC73797A28CF374D00C10ACE /* Debug */,
				AC73797B28CF374D00C10ACE /* Release */,
			);
			defaultConfigurationIsVisible = 0;
			defaultConfigurationName = Release;
		};
/* End XCConfigurationList section */
	};
	rootObject = AC73795D28CF374B00C10ACE /* Project object */;
}
